// !$*UTF8*$!
{
	archiveVersion = 1;
	classes = {
	};
	objectVersion = 50;
	objects = {

/* Begin PBXBuildFile section */
		D70ACB93234BB4AD00C25FB8 /* JSONText_Input.cpp in Sources */ = {isa = PBXBuildFile; fileRef = D70ACB91234BB4AD00C25FB8 /* JSONText_Input.cpp */; };
		D73CB49E234AA6AB008FD481 /* Tests.cpp in Sources */ = {isa = PBXBuildFile; fileRef = D73CB49D234AA6AB008FD481 /* Tests.cpp */; };
		D7538206234A229F00DF5251 /* Input.cpp in Sources */ = {isa = PBXBuildFile; fileRef = D7538204234A229F00DF5251 /* Input.cpp */; };
		D7538209234A294500DF5251 /* I_Input.cpp in Sources */ = {isa = PBXBuildFile; fileRef = D7538207234A294500DF5251 /* I_Input.cpp */; };
		D7AB4E692346662D005E5783 /* libcurl.dylib in Frameworks */ = {isa = PBXBuildFile; fileRef = D7AB4E682346662D005E5783 /* libcurl.dylib */; };
		D7D334A0234644A3006FF606 /* Text_Input.cpp in Sources */ = {isa = PBXBuildFile; fileRef = D7D33488234644A2006FF606 /* Text_Input.cpp */; };
		D7D334A1234644A3006FF606 /* Output.cpp in Sources */ = {isa = PBXBuildFile; fileRef = D7D33489234644A2006FF606 /* Output.cpp */; };
		D7D334A2234644A3006FF606 /* Text_Output.cpp in Sources */ = {isa = PBXBuildFile; fileRef = D7D3348A234644A2006FF606 /* Text_Output.cpp */; };
		D7D334A3234644A3006FF606 /* LineStorage.cpp in Sources */ = {isa = PBXBuildFile; fileRef = D7D3348D234644A2006FF606 /* LineStorage.cpp */; };
		D7D334A4234644A3006FF606 /* CircularShifter.cpp in Sources */ = {isa = PBXBuildFile; fileRef = D7D3348E234644A2006FF606 /* CircularShifter.cpp */; };
		D7D334A5234644A3006FF606 /* Alphabetizer.cpp in Sources */ = {isa = PBXBuildFile; fileRef = D7D33490234644A2006FF606 /* Alphabetizer.cpp */; };
		D7D334A6234644A3006FF606 /* DBLP_Input.cpp in Sources */ = {isa = PBXBuildFile; fileRef = D7D33491234644A2006FF606 /* DBLP_Input.cpp */; };
		D7D334A8234644A3006FF606 /* main.cpp in Sources */ = {isa = PBXBuildFile; fileRef = D7D33493234644A2006FF606 /* main.cpp */; };
/* End PBXBuildFile section */

/* Begin PBXCopyFilesBuildPhase section */
		D793D40123424FD200977DB7 /* CopyFiles */ = {
			isa = PBXCopyFilesBuildPhase;
			buildActionMask = 2147483647;
			dstPath = usr/share/man/man1;
			dstSubfolderSpec = 7;
			files = (
			);
			runOnlyForDeploymentPostprocessing = 1;
		};
/* End PBXCopyFilesBuildPhase section */

/* Begin PBXFileReference section */
		D70ACB91234BB4AD00C25FB8 /* JSONText_Input.cpp */ = {isa = PBXFileReference; fileEncoding = 4; lastKnownFileType = sourcecode.cpp.cpp; path = JSONText_Input.cpp; sourceTree = "<group>"; };
		D70ACB92234BB4AD00C25FB8 /* JSONText_Input.hpp */ = {isa = PBXFileReference; fileEncoding = 4; lastKnownFileType = sourcecode.cpp.h; path = JSONText_Input.hpp; sourceTree = "<group>"; };
		D70ACB94234BB58900C25FB8 /* stops.json */ = {isa = PBXFileReference; fileEncoding = 4; lastKnownFileType = text.json; path = stops.json; sourceTree = "<group>"; };
		D70ACB96234BBC7A00C25FB8 /* Factory.hpp */ = {isa = PBXFileReference; lastKnownFileType = sourcecode.cpp.h; path = Factory.hpp; sourceTree = "<group>"; };
		D73CB49C234A99E6008FD481 /* exit4.txt */ = {isa = PBXFileReference; fileEncoding = 4; lastKnownFileType = text; path = exit4.txt; sourceTree = "<group>"; };
		D73CB49D234AA6AB008FD481 /* Tests.cpp */ = {isa = PBXFileReference; lastKnownFileType = sourcecode.cpp.cpp; path = Tests.cpp; sourceTree = "<group>"; };
		D7538204234A229F00DF5251 /* Input.cpp */ = {isa = PBXFileReference; lastKnownFileType = sourcecode.cpp.cpp; path = Input.cpp; sourceTree = "<group>"; };
		D7538205234A229F00DF5251 /* Input.hpp */ = {isa = PBXFileReference; lastKnownFileType = sourcecode.cpp.h; path = Input.hpp; sourceTree = "<group>"; };
		D7538207234A294500DF5251 /* I_Input.cpp */ = {isa = PBXFileReference; lastKnownFileType = sourcecode.cpp.cpp; path = I_Input.cpp; sourceTree = "<group>"; };
		D7538208234A294500DF5251 /* I_Input.hpp */ = {isa = PBXFileReference; lastKnownFileType = sourcecode.cpp.h; path = I_Input.hpp; sourceTree = "<group>"; };
		D793D40323424FD200977DB7 /* KWIC */ = {isa = PBXFileReference; explicitFileType = "compiled.mach-o.executable"; includeInIndex = 0; path = KWIC; sourceTree = BUILT_PRODUCTS_DIR; };
		D7AB4E682346662D005E5783 /* libcurl.dylib */ = {isa = PBXFileReference; lastKnownFileType = "compiled.mach-o.dylib"; path = libcurl.dylib; sourceTree = "<group>"; };
		D7AB4E6F2346674B005E5783 /* qlqr_coisa.txt */ = {isa = PBXFileReference; fileEncoding = 4; lastKnownFileType = text; path = qlqr_coisa.txt; sourceTree = "<group>"; };
		D7AB4E702346674B005E5783 /* exit2.txt */ = {isa = PBXFileReference; fileEncoding = 4; lastKnownFileType = text; path = exit2.txt; sourceTree = "<group>"; };
		D7AB4E712346674B005E5783 /* qlqr_coisa_2.txt */ = {isa = PBXFileReference; fileEncoding = 4; lastKnownFileType = text; path = qlqr_coisa_2.txt; sourceTree = "<group>"; };
		D7AB4E7223466792005E5783 /* exit3.txt */ = {isa = PBXFileReference; fileEncoding = 4; lastKnownFileType = text; path = exit3.txt; sourceTree = "<group>"; };
		D7D33476234644A2006FF606 /* README.md */ = {isa = PBXFileReference; fileEncoding = 4; lastKnownFileType = net.daringfireball.markdown; path = README.md; sourceTree = "<group>"; };
		D7D33477234644A2006FF606 /* .gitignore */ = {isa = PBXFileReference; fileEncoding = 4; lastKnownFileType = text; path = .gitignore; sourceTree = "<group>"; };
		D7D33479234644A2006FF606 /* LineStorage.hpp */ = {isa = PBXFileReference; fileEncoding = 4; lastKnownFileType = sourcecode.cpp.h; path = LineStorage.hpp; sourceTree = "<group>"; };
		D7D3347B234644A2006FF606 /* CircularShifter.hpp */ = {isa = PBXFileReference; fileEncoding = 4; lastKnownFileType = sourcecode.cpp.h; path = CircularShifter.hpp; sourceTree = "<group>"; };
		D7D3347D234644A2006FF606 /* Alphabetizer.hpp */ = {isa = PBXFileReference; fileEncoding = 4; lastKnownFileType = sourcecode.cpp.h; path = Alphabetizer.hpp; sourceTree = "<group>"; };
		D7D3347E234644A2006FF606 /* DBLP_Input.hpp */ = {isa = PBXFileReference; fileEncoding = 4; lastKnownFileType = sourcecode.cpp.h; path = DBLP_Input.hpp; sourceTree = "<group>"; };
		D7D33482234644A2006FF606 /* Text_Output.hpp */ = {isa = PBXFileReference; fileEncoding = 4; lastKnownFileType = sourcecode.cpp.h; path = Text_Output.hpp; sourceTree = "<group>"; };
		D7D33484234644A2006FF606 /* nltkstops.txt */ = {isa = PBXFileReference; fileEncoding = 4; lastKnownFileType = text; path = nltkstops.txt; sourceTree = "<group>"; };
		D7D33485234644A2006FF606 /* myfile.txt */ = {isa = PBXFileReference; fileEncoding = 4; lastKnownFileType = text; path = myfile.txt; sourceTree = "<group>"; };
		D7D33486234644A2006FF606 /* mystops.txt */ = {isa = PBXFileReference; fileEncoding = 4; lastKnownFileType = text; path = mystops.txt; sourceTree = "<group>"; };
		D7D33487234644A2006FF606 /* en_stops.txt */ = {isa = PBXFileReference; fileEncoding = 4; lastKnownFileType = text; path = en_stops.txt; sourceTree = "<group>"; };
		D7D33488234644A2006FF606 /* Text_Input.cpp */ = {isa = PBXFileReference; fileEncoding = 4; lastKnownFileType = sourcecode.cpp.cpp; path = Text_Input.cpp; sourceTree = "<group>"; };
		D7D33489234644A2006FF606 /* Output.cpp */ = {isa = PBXFileReference; fileEncoding = 4; lastKnownFileType = sourcecode.cpp.cpp; path = Output.cpp; sourceTree = "<group>"; };
		D7D3348A234644A2006FF606 /* Text_Output.cpp */ = {isa = PBXFileReference; fileEncoding = 4; lastKnownFileType = sourcecode.cpp.cpp; path = Text_Output.cpp; sourceTree = "<group>"; };
		D7D3348B234644A2006FF606 /* Text_Input.hpp */ = {isa = PBXFileReference; fileEncoding = 4; lastKnownFileType = sourcecode.cpp.h; path = Text_Input.hpp; sourceTree = "<group>"; };
		D7D3348C234644A2006FF606 /* Output.hpp */ = {isa = PBXFileReference; fileEncoding = 4; lastKnownFileType = sourcecode.cpp.h; path = Output.hpp; sourceTree = "<group>"; };
		D7D3348D234644A2006FF606 /* LineStorage.cpp */ = {isa = PBXFileReference; fileEncoding = 4; lastKnownFileType = sourcecode.cpp.cpp; path = LineStorage.cpp; sourceTree = "<group>"; };
		D7D3348E234644A2006FF606 /* CircularShifter.cpp */ = {isa = PBXFileReference; fileEncoding = 4; lastKnownFileType = sourcecode.cpp.cpp; path = CircularShifter.cpp; sourceTree = "<group>"; };
		D7D33490234644A2006FF606 /* Alphabetizer.cpp */ = {isa = PBXFileReference; fileEncoding = 4; lastKnownFileType = sourcecode.cpp.cpp; path = Alphabetizer.cpp; sourceTree = "<group>"; };
		D7D33491234644A2006FF606 /* DBLP_Input.cpp */ = {isa = PBXFileReference; fileEncoding = 4; lastKnownFileType = sourcecode.cpp.cpp; path = DBLP_Input.cpp; sourceTree = "<group>"; };
		D7D33493234644A2006FF606 /* main.cpp */ = {isa = PBXFileReference; fileEncoding = 4; lastKnownFileType = sourcecode.cpp.cpp; path = main.cpp; sourceTree = "<group>"; };
		D7D33495234644A2006FF606 /* exit.txt */ = {isa = PBXFileReference; fileEncoding = 4; lastKnownFileType = text; path = exit.txt; sourceTree = "<group>"; };
		D7D33498234644A2006FF606 /* json.hpp */ = {isa = PBXFileReference; fileEncoding = 4; lastKnownFileType = sourcecode.cpp.h; path = json.hpp; sourceTree = "<group>"; };
		D7D33499234644A2006FF606 /* KWIC.xcodeproj */ = {isa = PBXFileReference; lastKnownFileType = "wrapper.pb-project"; path = KWIC.xcodeproj; sourceTree = "<group>"; };
/* End PBXFileReference section */

/* Begin PBXFrameworksBuildPhase section */
		D793D40023424FD200977DB7 /* Frameworks */ = {
			isa = PBXFrameworksBuildPhase;
			buildActionMask = 2147483647;
			files = (
				D7AB4E692346662D005E5783 /* libcurl.dylib in Frameworks */,
			);
			runOnlyForDeploymentPostprocessing = 0;
		};
/* End PBXFrameworksBuildPhase section */

/* Begin PBXGroup section */
		D7538202234A15AB00DF5251 /* Input */ = {
			isa = PBXGroup;
			children = (
				D7D33491234644A2006FF606 /* DBLP_Input.cpp */,
				D7D3347E234644A2006FF606 /* DBLP_Input.hpp */,
				D70ACB91234BB4AD00C25FB8 /* JSONText_Input.cpp */,
				D70ACB92234BB4AD00C25FB8 /* JSONText_Input.hpp */,
				D7D33488234644A2006FF606 /* Text_Input.cpp */,
				D7D3348B234644A2006FF606 /* Text_Input.hpp */,
				D7538204234A229F00DF5251 /* Input.cpp */,
				D7538205234A229F00DF5251 /* Input.hpp */,
				D7538207234A294500DF5251 /* I_Input.cpp */,
				D7538208234A294500DF5251 /* I_Input.hpp */,
			);
			path = Input;
			sourceTree = "<group>";
		};
		D7538203234A163500DF5251 /* Output */ = {
			isa = PBXGroup;
			children = (
				D7D3348A234644A2006FF606 /* Text_Output.cpp */,
				D7D33482234644A2006FF606 /* Text_Output.hpp */,
				D7D33489234644A2006FF606 /* Output.cpp */,
				D7D3348C234644A2006FF606 /* Output.hpp */,
			);
			path = Output;
			sourceTree = "<group>";
		};
		D793D3FA23424FD200977DB7 = {
			isa = PBXGroup;
			children = (
				D7D33475234644A2006FF606 /* KWIC */,
				D793D40423424FD200977DB7 /* Products */,
			);
			sourceTree = "<group>";
		};
		D793D40423424FD200977DB7 /* Products */ = {
			isa = PBXGroup;
			children = (
				D793D40323424FD200977DB7 /* KWIC */,
			);
			name = Products;
			sourceTree = "<group>";
		};
		D7D33475234644A2006FF606 /* KWIC */ = {
			isa = PBXGroup;
			children = (
				D7D33476234644A2006FF606 /* README.md */,
				D7D33477234644A2006FF606 /* .gitignore */,
				D7D33478234644A2006FF606 /* KWIC */,
				D7D33499234644A2006FF606 /* KWIC.xcodeproj */,
			);
			name = KWIC;
			sourceTree = "<group>";
		};
		D7D33478234644A2006FF606 /* KWIC */ = {
			isa = PBXGroup;
			children = (
				D7D33493234644A2006FF606 /* main.cpp */,
				D7D33490234644A2006FF606 /* Alphabetizer.cpp */,
				D7D3347D234644A2006FF606 /* Alphabetizer.hpp */,
				D7D3348D234644A2006FF606 /* LineStorage.cpp */,
				D7D33479234644A2006FF606 /* LineStorage.hpp */,
				D7D3348E234644A2006FF606 /* CircularShifter.cpp */,
				D7D3347B234644A2006FF606 /* CircularShifter.hpp */,
				D73CB49D234AA6AB008FD481 /* Tests.cpp */,
				D7538202234A15AB00DF5251 /* Input */,
				D7D33496234644A2006FF606 /* single_include */,
				D7538203234A163500DF5251 /* Output */,
				D7D33483234644A2006FF606 /* Resources */,
				D7D33494234644A2006FF606 /* Exits */,
				D70ACB96234BBC7A00C25FB8 /* Factory.hpp */,
			);
			path = KWIC;
			sourceTree = "<group>";
		};
		D7D33483234644A2006FF606 /* Resources */ = {
			isa = PBXGroup;
			children = (
				D7AB4E682346662D005E5783 /* libcurl.dylib */,
				D70ACB94234BB58900C25FB8 /* stops.json */,
				D7D33484234644A2006FF606 /* nltkstops.txt */,
				D7D33485234644A2006FF606 /* myfile.txt */,
				D7D33486234644A2006FF606 /* mystops.txt */,
				D7D33487234644A2006FF606 /* en_stops.txt */,
			);
			path = Resources;
			sourceTree = "<group>";
		};
		D7D33494234644A2006FF606 /* Exits */ = {
			isa = PBXGroup;
			children = (
				D73CB49C234A99E6008FD481 /* exit4.txt */,
				D7AB4E7223466792005E5783 /* exit3.txt */,
				D7AB4E702346674B005E5783 /* exit2.txt */,
				D7AB4E712346674B005E5783 /* qlqr_coisa_2.txt */,
				D7AB4E6F2346674B005E5783 /* qlqr_coisa.txt */,
				D7D33495234644A2006FF606 /* exit.txt */,
			);
			path = Exits;
			sourceTree = "<group>";
		};
		D7D33496234644A2006FF606 /* single_include */ = {
			isa = PBXGroup;
			children = (
				D7D33497234644A2006FF606 /* nlohmann */,
			);
			path = single_include;
			sourceTree = "<group>";
		};
		D7D33497234644A2006FF606 /* nlohmann */ = {
			isa = PBXGroup;
			children = (
				D7D33498234644A2006FF606 /* json.hpp */,
			);
			path = nlohmann;
			sourceTree = "<group>";
		};
		D7D3349A234644A2006FF606 /* Products */ = {
			isa = PBXGroup;
			name = Products;
			sourceTree = "<group>";
		};
/* End PBXGroup section */

/* Begin PBXNativeTarget section */
		D793D40223424FD200977DB7 /* KWIC */ = {
			isa = PBXNativeTarget;
			buildConfigurationList = D793D40A23424FD200977DB7 /* Build configuration list for PBXNativeTarget "KWIC" */;
			buildPhases = (
				D793D3FF23424FD200977DB7 /* Sources */,
				D793D40023424FD200977DB7 /* Frameworks */,
				D793D40123424FD200977DB7 /* CopyFiles */,
			);
			buildRules = (
			);
			dependencies = (
			);
			name = KWIC;
			productName = KWIC;
			productReference = D793D40323424FD200977DB7 /* KWIC */;
			productType = "com.apple.product-type.tool";
		};
/* End PBXNativeTarget section */

/* Begin PBXProject section */
		D793D3FB23424FD200977DB7 /* Project object */ = {
			isa = PBXProject;
			attributes = {
				LastUpgradeCheck = 1100;
				ORGANIZATIONNAME = "Ricardo de Castro Giometti Santos";
				TargetAttributes = {
					D793D40223424FD200977DB7 = {
						CreatedOnToolsVersion = 11.0;
					};
				};
			};
			buildConfigurationList = D793D3FE23424FD200977DB7 /* Build configuration list for PBXProject "KWIC" */;
			compatibilityVersion = "Xcode 9.3";
			developmentRegion = en;
			hasScannedForEncodings = 0;
			knownRegions = (
				en,
				Base,
			);
			mainGroup = D793D3FA23424FD200977DB7;
			productRefGroup = D793D40423424FD200977DB7 /* Products */;
			projectDirPath = "";
			projectReferences = (
				{
					ProductGroup = D7D3349A234644A2006FF606 /* Products */;
					ProjectRef = D7D33499234644A2006FF606 /* KWIC.xcodeproj */;
				},
			);
			projectRoot = "";
			targets = (
				D793D40223424FD200977DB7 /* KWIC */,
			);
		};
/* End PBXProject section */

/* Begin PBXSourcesBuildPhase section */
		D793D3FF23424FD200977DB7 /* Sources */ = {
			isa = PBXSourcesBuildPhase;
			buildActionMask = 2147483647;
			files = (
				D7D334A6234644A3006FF606 /* DBLP_Input.cpp in Sources */,
				D70ACB93234BB4AD00C25FB8 /* JSONText_Input.cpp in Sources */,
				D7D334A0234644A3006FF606 /* Text_Input.cpp in Sources */,
				D7D334A3234644A3006FF606 /* LineStorage.cpp in Sources */,
				D7D334A8234644A3006FF606 /* main.cpp in Sources */,
				D7D334A2234644A3006FF606 /* Text_Output.cpp in Sources */,
				D7538206234A229F00DF5251 /* Input.cpp in Sources */,
				D73CB49E234AA6AB008FD481 /* Tests.cpp in Sources */,
				D7D334A4234644A3006FF606 /* CircularShifter.cpp in Sources */,
				D7538209234A294500DF5251 /* I_Input.cpp in Sources */,
				D7D334A1234644A3006FF606 /* Output.cpp in Sources */,
				D7D334A5234644A3006FF606 /* Alphabetizer.cpp in Sources */,
			);
			runOnlyForDeploymentPostprocessing = 0;
		};
/* End PBXSourcesBuildPhase section */

/* Begin XCBuildConfiguration section */
		D793D40823424FD200977DB7 /* Debug */ = {
			isa = XCBuildConfiguration;
			buildSettings = {
				ALWAYS_SEARCH_USER_PATHS = NO;
				CLANG_ANALYZER_NONNULL = YES;
				CLANG_ANALYZER_NUMBER_OBJECT_CONVERSION = YES_AGGRESSIVE;
				CLANG_CXX_LANGUAGE_STANDARD = "gnu++17";
				CLANG_CXX_LIBRARY = "libc++";
				CLANG_ENABLE_MODULES = YES;
				CLANG_ENABLE_OBJC_ARC = YES;
				CLANG_ENABLE_OBJC_WEAK = YES;
				CLANG_WARN_BLOCK_CAPTURE_AUTORELEASING = YES;
				CLANG_WARN_BOOL_CONVERSION = YES;
				CLANG_WARN_COMMA = YES;
				CLANG_WARN_CONSTANT_CONVERSION = YES;
				CLANG_WARN_DEPRECATED_OBJC_IMPLEMENTATIONS = YES;
				CLANG_WARN_DIRECT_OBJC_ISA_USAGE = YES_ERROR;
				CLANG_WARN_DOCUMENTATION_COMMENTS = YES;
				CLANG_WARN_EMPTY_BODY = YES;
				CLANG_WARN_ENUM_CONVERSION = YES;
				CLANG_WARN_INFINITE_RECURSION = YES;
				CLANG_WARN_INT_CONVERSION = YES;
				CLANG_WARN_NON_LITERAL_NULL_CONVERSION = YES;
				CLANG_WARN_OBJC_IMPLICIT_RETAIN_SELF = YES;
				CLANG_WARN_OBJC_LITERAL_CONVERSION = YES;
				CLANG_WARN_OBJC_ROOT_CLASS = YES_ERROR;
				CLANG_WARN_RANGE_LOOP_ANALYSIS = YES;
				CLANG_WARN_STRICT_PROTOTYPES = YES;
				CLANG_WARN_SUSPICIOUS_MOVE = YES;
				CLANG_WARN_UNGUARDED_AVAILABILITY = YES_AGGRESSIVE;
				CLANG_WARN_UNREACHABLE_CODE = YES;
				CLANG_WARN__DUPLICATE_METHOD_MATCH = YES;
				COPY_PHASE_STRIP = NO;
				DEBUG_INFORMATION_FORMAT = dwarf;
				ENABLE_STRICT_OBJC_MSGSEND = YES;
				ENABLE_TESTABILITY = YES;
				GCC_C_LANGUAGE_STANDARD = gnu11;
				GCC_DYNAMIC_NO_PIC = NO;
				GCC_NO_COMMON_BLOCKS = YES;
				GCC_OPTIMIZATION_LEVEL = 0;
				GCC_PREPROCESSOR_DEFINITIONS = (
					"DEBUG=1",
					"$(inherited)",
				);
				GCC_WARN_64_TO_32_BIT_CONVERSION = YES;
				GCC_WARN_ABOUT_RETURN_TYPE = YES_ERROR;
				GCC_WARN_UNDECLARED_SELECTOR = YES;
				GCC_WARN_UNINITIALIZED_AUTOS = YES_AGGRESSIVE;
				GCC_WARN_UNUSED_FUNCTION = YES;
				GCC_WARN_UNUSED_VARIABLE = YES;
				MACOSX_DEPLOYMENT_TARGET = 10.14;
				MTL_ENABLE_DEBUG_INFO = INCLUDE_SOURCE;
				MTL_FAST_MATH = YES;
				ONLY_ACTIVE_ARCH = YES;
				SDKROOT = macosx;
			};
			name = Debug;
		};
		D793D40923424FD200977DB7 /* Release */ = {
			isa = XCBuildConfiguration;
			buildSettings = {
				ALWAYS_SEARCH_USER_PATHS = NO;
				CLANG_ANALYZER_NONNULL = YES;
				CLANG_ANALYZER_NUMBER_OBJECT_CONVERSION = YES_AGGRESSIVE;
				CLANG_CXX_LANGUAGE_STANDARD = "gnu++17";
				CLANG_CXX_LIBRARY = "libc++";
				CLANG_ENABLE_MODULES = YES;
				CLANG_ENABLE_OBJC_ARC = YES;
				CLANG_ENABLE_OBJC_WEAK = YES;
				CLANG_WARN_BLOCK_CAPTURE_AUTORELEASING = YES;
				CLANG_WARN_BOOL_CONVERSION = YES;
				CLANG_WARN_COMMA = YES;
				CLANG_WARN_CONSTANT_CONVERSION = YES;
				CLANG_WARN_DEPRECATED_OBJC_IMPLEMENTATIONS = YES;
				CLANG_WARN_DIRECT_OBJC_ISA_USAGE = YES_ERROR;
				CLANG_WARN_DOCUMENTATION_COMMENTS = YES;
				CLANG_WARN_EMPTY_BODY = YES;
				CLANG_WARN_ENUM_CONVERSION = YES;
				CLANG_WARN_INFINITE_RECURSION = YES;
				CLANG_WARN_INT_CONVERSION = YES;
				CLANG_WARN_NON_LITERAL_NULL_CONVERSION = YES;
				CLANG_WARN_OBJC_IMPLICIT_RETAIN_SELF = YES;
				CLANG_WARN_OBJC_LITERAL_CONVERSION = YES;
				CLANG_WARN_OBJC_ROOT_CLASS = YES_ERROR;
				CLANG_WARN_RANGE_LOOP_ANALYSIS = YES;
				CLANG_WARN_STRICT_PROTOTYPES = YES;
				CLANG_WARN_SUSPICIOUS_MOVE = YES;
				CLANG_WARN_UNGUARDED_AVAILABILITY = YES_AGGRESSIVE;
				CLANG_WARN_UNREACHABLE_CODE = YES;
				CLANG_WARN__DUPLICATE_METHOD_MATCH = YES;
				COPY_PHASE_STRIP = NO;
				DEBUG_INFORMATION_FORMAT = "dwarf-with-dsym";
				ENABLE_NS_ASSERTIONS = NO;
				ENABLE_STRICT_OBJC_MSGSEND = YES;
				GCC_C_LANGUAGE_STANDARD = gnu11;
				GCC_NO_COMMON_BLOCKS = YES;
				GCC_WARN_64_TO_32_BIT_CONVERSION = YES;
				GCC_WARN_ABOUT_RETURN_TYPE = YES_ERROR;
				GCC_WARN_UNDECLARED_SELECTOR = YES;
				GCC_WARN_UNINITIALIZED_AUTOS = YES_AGGRESSIVE;
				GCC_WARN_UNUSED_FUNCTION = YES;
				GCC_WARN_UNUSED_VARIABLE = YES;
				MACOSX_DEPLOYMENT_TARGET = 10.14;
				MTL_ENABLE_DEBUG_INFO = NO;
				MTL_FAST_MATH = YES;
				SDKROOT = macosx;
			};
			name = Release;
		};
		D793D40B23424FD200977DB7 /* Debug */ = {
			isa = XCBuildConfiguration;
			buildSettings = {
				CLANG_CXX_LIBRARY = "libc++";
				CODE_SIGN_STYLE = Automatic;
				DEVELOPMENT_TEAM = 37G5S4673H;
				ENABLE_HARDENED_RUNTIME = YES;
				LIBRARY_SEARCH_PATHS = (
					"$(inherited)",
					"$(PROJECT_DIR)/KWIC/Resources",
				);
				PRODUCT_NAME = "$(TARGET_NAME)";
			};
			name = Debug;
		};
		D793D40C23424FD200977DB7 /* Release */ = {
			isa = XCBuildConfiguration;
			buildSettings = {
				CLANG_CXX_LIBRARY = "libc++";
				CODE_SIGN_STYLE = Automatic;
				DEVELOPMENT_TEAM = 37G5S4673H;
				ENABLE_HARDENED_RUNTIME = YES;
				LIBRARY_SEARCH_PATHS = (
					"$(inherited)",
					"$(PROJECT_DIR)/KWIC/Resources",
				);
				PRODUCT_NAME = "$(TARGET_NAME)";
			};
			name = Release;
		};
/* End XCBuildConfiguration section */

/* Begin XCConfigurationList section */
		D793D3FE23424FD200977DB7 /* Build configuration list for PBXProject "KWIC" */ = {
			isa = XCConfigurationList;
			buildConfigurations = (
				D793D40823424FD200977DB7 /* Debug */,
				D793D40923424FD200977DB7 /* Release */,
			);
			defaultConfigurationIsVisible = 0;
			defaultConfigurationName = Release;
		};
		D793D40A23424FD200977DB7 /* Build configuration list for PBXNativeTarget "KWIC" */ = {
			isa = XCConfigurationList;
			buildConfigurations = (
				D793D40B23424FD200977DB7 /* Debug */,
				D793D40C23424FD200977DB7 /* Release */,
			);
			defaultConfigurationIsVisible = 0;
			defaultConfigurationName = Release;
		};
/* End XCConfigurationList section */
	};
	rootObject = D793D3FB23424FD200977DB7 /* Project object */;
}
